
{
  "name": "@wisegpt/slack-bot",
  "version": "0.0.0",
  "lockfileVersion": 2,
  "requires": true,
  "packages": {
    "": {
      "name": "@wisegpt/slack-bot",
      "version": "0.0.0",
      "license": "Unlicense",
      "dependencies": {
        "@aws-cdk/aws-apigatewayv2-alpha": "2.69.0-alpha.0",
        "@aws-cdk/aws-apigatewayv2-integrations-alpha": "^2.69.0-alpha.0",
        "@aws-sdk/client-dynamodb": "^3.294.0",
        "@aws-sdk/client-lambda": "^3.294.0",
        "@aws-sdk/client-secrets-manager": "^3.294.0",
        "@aws-sdk/client-sqs": "^3.294.0",
        "@aws-sdk/lib-dynamodb": "^3.294.0",
        "@slack/web-api": "^6.8.1",
        "@wisegpt/awscdk-slack-event-bus": "^1.1.0",
        "@wisegpt/gpt-conversation-prompt": "^0.0.11",
        "aws-cdk-lib": "^2.69.0",
        "constructs": "^10.0.5",
        "gpt3-tokenizer": "^1.1.5",
        "openai": "^3.2.1"
      },
      "devDependencies": {
        "@types/aws-lambda": "^8.10.114",
        "@types/jest": "^29.5.0",
        "@types/node": "^18",
        "@typescript-eslint/eslint-plugin": "^5",
        "@typescript-eslint/parser": "^5",
        "aws-cdk": "^2.69.0",
        "esbuild": "^0.17.12",
        "eslint": "^8",
        "eslint-config-prettier": "^8.7.0",
        "eslint-import-resolver-node": "^0.3.7",
        "eslint-import-resolver-typescript": "^3.5.3",
        "eslint-plugin-import": "^2.27.5",
        "eslint-plugin-prettier": "^4.2.1",
        "jest": "^29.5.0",
        "jest-junit": "^13",
        "npm-check-updates": "^16",
        "prettier": "^2.8.4",
        "projen": "^0.68.13",
        "standard-version": "^9",
        "ts-jest": "^29.0.5",
        "ts-node": "^10.9.1",
        "typescript": "^4.9.5",
        "undici": "^5.21.0"
      },
      "engines": {
        "node": ">= 18.12.1"
      }
    },
    "node_modules/@ampproject/remapping": {
      "version": "2.2.0",
      "resolved": "https://registry.npmjs.org/@ampproject/remapping/-/remapping-2.2.0.tgz",
      "integrity": "sha512-qRmjj8nj9qmLTQXXmaR1cck3UXSRMPrbsLJAasZpF+t3riI71BXed5ebIOYwQntykeZuhjsdweEc9BxH5Jc26w==",
      "dev": true,
      "dependencies": {
        "@jridgewell/gen-mapping": "^0.1.0",
        "@jridgewell/trace-mapping": "^0.3.9"
      },
      "engines": {
        "node": ">=6.0.0"
      }
    },
    "node_modules/@aws-cdk/asset-awscli-v1": {
      "version": "2.2.110",
      "resolved": "https://registry.npmjs.org/@aws-cdk/asset-awscli-v1/-/asset-awscli-v1-2.2.110.tgz",
      "integrity": "sha512-Xc5KkOrKu1bHwUC1L9ouGGKCF6zHNVLKyYsKFxNrQZh3V3IlADig2JC7S6o9lGfDkrYJBHAl2urJf3/7Ycf/IA=="
    },
    "node_modules/@aws-cdk/asset-kubectl-v20": {
      "version": "2.1.1",
      "resolved": "https://registry.npmjs.org/@aws-cdk/asset-kubectl-v20/-/asset-kubectl-v20-2.1.1.tgz",
      "integrity": "sha512-U1ntiX8XiMRRRH5J1IdC+1t5CE89015cwyt5U63Cpk0GnMlN5+h9WsWMlKlPXZR4rdq/m806JRlBMRpBUB2Dhw=="
    },
    "node_modules/@aws-cdk/asset-node-proxy-agent-v5": {
      "version": "2.0.89",
      "resolved": "https://registry.npmjs.org/@aws-cdk/asset-node-proxy-agent-v5/-/asset-node-proxy-agent-v5-2.0.89.tgz",
      "integrity": "sha512-d/NCZrQBqsJ93XkBStpzXdf20AQVruWmXysAhoZHgpLod0r2c1OlIryqUAHxHdPDfJeS3j/9TpobeP2fzE6WRg=="
    },
    "node_modules/@aws-cdk/aws-apigatewayv2-alpha": {
      "version": "2.69.0-alpha.0",
      "resolved": "https://registry.npmjs.org/@aws-cdk/aws-apigatewayv2-alpha/-/aws-apigatewayv2-alpha-2.69.0-alpha.0.tgz",
      "integrity": "sha512-1JdprMkdZKaDv/7nI7Ci0Xc1zNRofW6wEF8Mo8KGWJM7JYfReIIP4GKNW6KhXoM0g/YnGVJVHKpX1wk4pP9c4Q==",
      "engines": {
        "node": ">= 14.15.0"
      },
      "peerDependencies": {
        "aws-cdk-lib": "^2.69.0",
        "constructs": "^10.0.0"
      }
    },
    "node_modules/@aws-cdk/aws-apigatewayv2-integrations-alpha": {
      "version": "2.69.0-alpha.0",
      "resolved": "https://registry.npmjs.org/@aws-cdk/aws-apigatewayv2-integrations-alpha/-/aws-apigatewayv2-integrations-alpha-2.69.0-alpha.0.tgz",
      "integrity": "sha512-MAB4+Q6rMX6+xc5rk/nejdycpxCzJ4CW4m4qBiWKunM1S7i24aMWuuKW3MgDy6nG9peH7A5cHsTEpW6eAu05cQ==",
      "engines": {
        "node": ">= 14.15.0"
      },
      "peerDependencies": {
        "@aws-cdk/aws-apigatewayv2-alpha": "2.69.0-alpha.0",
        "aws-cdk-lib": "^2.69.0",
        "constructs": "^10.0.0"
      }
    },
    "node_modules/@aws-crypto/ie11-detection": {
      "version": "3.0.0",
      "resolved": "https://registry.npmjs.org/@aws-crypto/ie11-detection/-/ie11-detection-3.0.0.tgz",
      "integrity": "sha512-341lBBkiY1DfDNKai/wXM3aujNBkXR7tq1URPQDL9wi3AUbI80NR74uF1TXHMm7po1AcnFk8iu2S2IeU/+/A+Q==",
      "dependencies": {
        "tslib": "^1.11.1"
      }
    },
    "node_modules/@aws-crypto/ie11-detection/node_modules/tslib": {
      "version": "1.14.1",
      "resolved": "https://registry.npmjs.org/tslib/-/tslib-1.14.1.tgz",
      "integrity": "sha512-Xni35NKzjgMrwevysHTCArtLDpPvye8zV/0E4EyYn43P7/7qvQwPh9BGkHewbMulVntbigmcT7rdX3BNo9wRJg=="
    },